
Microsoft Visual Studio Solution File, Format Version 12.00
# Visual Studio Version 17
VisualStudioVersion = 17.3.32825.248
MinimumVisualStudioVersion = 16.0.29201.188
Project("{9A19103F-16F7-4668-BE54-9A1E7A4F7556}") = "Fody", "Fody\Fody.csproj", "{64880F43-E6C1-428E-B00A-E0374697B5CF}"
	ProjectSection(ProjectDependencies) = postProject
		{89681581-A390-4761-9C27-1F274FE506E7} = {89681581-A390-4761-9C27-1F274FE506E7}
	EndProjectSection
EndProject
Project("{9A19103F-16F7-4668-BE54-9A1E7A4F7556}") = "SampleWeaver.Fody", "SampleWeaver.Fody\SampleWeaver.Fody.csproj", "{2C10CBD1-5913-46D5-B705-0F3B46E68DD1}"
EndProject
Project("{9A19103F-16F7-4668-BE54-9A1E7A4F7556}") = "Tests", "Tests\Tests.csproj", "{2AFCC073-136D-4FF3-AC83-BE94B35A4C7B}"
EndProject
Project("{9A19103F-16F7-4668-BE54-9A1E7A4F7556}") = "FodyIsolated", "FodyIsolated\FodyIsolated.csproj", "{89681581-A390-4761-9C27-1F274FE506E7}"
EndProject
Project("{9A19103F-16F7-4668-BE54-9A1E7A4F7556}") = "FodyCommon", "FodyCommon\FodyCommon.csproj", "{E839A346-8804-4EAC-B635-19D7A911460E}"
EndProject
Project("{9A19103F-16F7-4668-BE54-9A1E7A4F7556}") = "DummyAssembly", "DummyAssembly\DummyAssembly.csproj", "{D95530D4-5646-4156-B58E-F2C5D5FA03CC}"
EndProject
Project("{9A19103F-16F7-4668-BE54-9A1E7A4F7556}") = "FodyHelpers", "FodyHelpers\FodyHelpers.csproj", "{B95F633D-F876-4DC2-947F-4AAA48332575}"
EndProject
Project("{9A19103F-16F7-4668-BE54-9A1E7A4F7556}") = "FodyPackaging", "FodyPackaging\FodyPackaging.csproj", "{B2D01ACC-D215-4063-A9CD-7CE862D799F9}"
EndProject
Project("{2150E333-8FDC-42A3-9474-1A3956D46DE8}") = "Solution Items", "Solution Items", "{CDCDDCD6-6958-4352-AF0C-C589ECD51C0D}"
	ProjectSection(SolutionItems) = preProject
		.github\workflows\build.yml = .github\workflows\build.yml
		Directory.Build.props = Directory.Build.props
		readme.md = readme.md
	EndProjectSection
EndProject
Project("{9A19103F-16F7-4668-BE54-9A1E7A4F7556}") = "SampleWeaver", "SampleWeaver\SampleWeaver.csproj", "{C07F5786-84DD-460C-A846-50311562790D}"
	ProjectSection(ProjectDependencies) = postProject
		{2C10CBD1-5913-46D5-B705-0F3B46E68DD1} = {2C10CBD1-5913-46D5-B705-0F3B46E68DD1}
	EndProjectSection
EndProject
Project("{9A19103F-16F7-4668-BE54-9A1E7A4F7556}") = "FodyHelpers.Tests", "FodyHelpers.Tests\FodyHelpers.Tests.csproj", "{68109B11-B125-47D2-A188-15D8793DEC6F}"
EndProject
Project("{9A19103F-16F7-4668-BE54-9A1E7A4F7556}") = "AssemblyWithNoSymbols", "AssemblyWithNoSymbols\AssemblyWithNoSymbols.csproj", "{7E18A70B-31D6-4435-BD88-1415078B7D84}"
EndProject
Project("{9A19103F-16F7-4668-BE54-9A1E7A4F7556}") = "DummyExeAssembly", "DummyExeAssembly\DummyExeAssembly.csproj", "{BF644933-57CD-48A0-AC2B-FCF46459359B}"
EndProject
Project("{9A19103F-16F7-4668-BE54-9A1E7A4F7556}") = "Mono.Cecil", "cecil\Mono.Cecil.csproj", "{16C3FA32-4775-497F-8794-DD5AF13CFE22}"
EndProject
Project("{9A19103F-16F7-4668-BE54-9A1E7A4F7556}") = "Mono.Cecil.Pdb", "cecil\symbols\pdb\Mono.Cecil.Pdb.csproj", "{4D22D51C-4230-46AF-8657-4FD757D9C8BC}"
EndProject
Project("{9A19103F-16F7-4668-BE54-9A1E7A4F7556}") = "Mono.Cecil.Rocks", "cecil\rocks\Mono.Cecil.Rocks.csproj", "{70E05599-64EE-4C11-A2F8-EE4113309039}"
EndProject
Project("{2150E333-8FDC-42A3-9474-1A3956D46DE8}") = "cecil", "cecil", "{FE2F1D5B-5931-413B-B376-DD491BD63610}"
	ProjectSection(SolutionItems) = preProject
		cecil\Directory.Build.props = cecil\Directory.Build.props
	EndProjectSection
EndProject
Global
	GlobalSection(SolutionConfigurationPlatforms) = preSolution
		Debug|Any CPU = Debug|Any CPU
		Release|Any CPU = Release|Any CPU
	EndGlobalSection
	GlobalSection(ProjectConfigurationPlatforms) = postSolution
		{64880F43-E6C1-428E-B00A-E0374697B5CF}.Debug|Any CPU.ActiveCfg = Debug|Any CPU
		{64880F43-E6C1-428E-B00A-E0374697B5CF}.Debug|Any CPU.Build.0 = Debug|Any CPU
		{64880F43-E6C1-428E-B00A-E0374697B5CF}.Release|Any CPU.ActiveCfg = Release|Any CPU
		{64880F43-E6C1-428E-B00A-E0374697B5CF}.Release|Any CPU.Build.0 = Release|Any CPU
		{2C10CBD1-5913-46D5-B705-0F3B46E68DD1}.Debug|Any CPU.ActiveCfg = Debug|Any CPU
		{2C10CBD1-5913-46D5-B705-0F3B46E68DD1}.Debug|Any CPU.Build.0 = Debug|Any CPU
		{2C10CBD1-5913-46D5-B705-0F3B46E68DD1}.Release|Any CPU.ActiveCfg = Release|Any CPU
		{2C10CBD1-5913-46D5-B705-0F3B46E68DD1}.Release|Any CPU.Build.0 = Release|Any CPU
		{2AFCC073-136D-4FF3-AC83-BE94B35A4C7B}.Debug|Any CPU.ActiveCfg = Debug|Any CPU
		{2AFCC073-136D-4FF3-AC83-BE94B35A4C7B}.Debug|Any CPU.Build.0 = Debug|Any CPU
		{2AFCC073-136D-4FF3-AC83-BE94B35A4C7B}.Release|Any CPU.ActiveCfg = Release|Any CPU
		{2AFCC073-136D-4FF3-AC83-BE94B35A4C7B}.Release|Any CPU.Build.0 = Release|Any CPU
		{89681581-A390-4761-9C27-1F274FE506E7}.Debug|Any CPU.ActiveCfg = Debug|Any CPU
		{89681581-A390-4761-9C27-1F274FE506E7}.Debug|Any CPU.Build.0 = Debug|Any CPU
		{89681581-A390-4761-9C27-1F274FE506E7}.Release|Any CPU.ActiveCfg = Release|Any CPU
		{89681581-A390-4761-9C27-1F274FE506E7}.Release|Any CPU.Build.0 = Release|Any CPU
		{E839A346-8804-4EAC-B635-19D7A911460E}.Debug|Any CPU.ActiveCfg = Debug|Any CPU
		{E839A346-8804-4EAC-B635-19D7A911460E}.Debug|Any CPU.Build.0 = Debug|Any CPU
		{E839A346-8804-4EAC-B635-19D7A911460E}.Release|Any CPU.ActiveCfg = Release|Any CPU
		{E839A346-8804-4EAC-B635-19D7A911460E}.Release|Any CPU.Build.0 = Release|Any CPU
		{D95530D4-5646-4156-B58E-F2C5D5FA03CC}.Debug|Any CPU.ActiveCfg = Debug|Any CPU
		{D95530D4-5646-4156-B58E-F2C5D5FA03CC}.Debug|Any CPU.Build.0 = Debug|Any CPU
		{D95530D4-5646-4156-B58E-F2C5D5FA03CC}.Release|Any CPU.ActiveCfg = Release|Any CPU
		{D95530D4-5646-4156-B58E-F2C5D5FA03CC}.Release|Any CPU.Build.0 = Release|Any CPU
		{B95F633D-F876-4DC2-947F-4AAA48332575}.Debug|Any CPU.ActiveCfg = Debug|Any CPU
		{B95F633D-F876-4DC2-947F-4AAA48332575}.Debug|Any CPU.Build.0 = Debug|Any CPU
		{B95F633D-F876-4DC2-947F-4AAA48332575}.Release|Any CPU.ActiveCfg = Release|Any CPU
		{B95F633D-F876-4DC2-947F-4AAA48332575}.Release|Any CPU.Build.0 = Release|Any CPU
		{B2D01ACC-D215-4063-A9CD-7CE862D799F9}.Debug|Any CPU.ActiveCfg = Debug|Any CPU
		{B2D01ACC-D215-4063-A9CD-7CE862D799F9}.Debug|Any CPU.Build.0 = Debug|Any CPU
		{B2D01ACC-D215-4063-A9CD-7CE862D799F9}.Release|Any CPU.ActiveCfg = Release|Any CPU
		{B2D01ACC-D215-4063-A9CD-7CE862D799F9}.Release|Any CPU.Build.0 = Release|Any CPU
		{C07F5786-84DD-460C-A846-50311562790D}.Debug|Any CPU.ActiveCfg = Debug|Any CPU
		{C07F5786-84DD-460C-A846-50311562790D}.Debug|Any CPU.Build.0 = Debug|Any CPU
		{C07F5786-84DD-460C-A846-50311562790D}.Release|Any CPU.ActiveCfg = Release|Any CPU
		{C07F5786-84DD-460C-A846-50311562790D}.Release|Any CPU.Build.0 = Release|Any CPU
		{68109B11-B125-47D2-A188-15D8793DEC6F}.Debug|Any CPU.ActiveCfg = Debug|Any CPU
		{68109B11-B125-47D2-A188-15D8793DEC6F}.Debug|Any CPU.Build.0 = Debug|Any CPU
		{68109B11-B125-47D2-A188-15D8793DEC6F}.Release|Any CPU.ActiveCfg = Release|Any CPU
		{68109B11-B125-47D2-A188-15D8793DEC6F}.Release|Any CPU.Build.0 = Release|Any CPU
		{7E18A70B-31D6-4435-BD88-1415078B7D84}.Debug|Any CPU.ActiveCfg = Debug|Any CPU
		{7E18A70B-31D6-4435-BD88-1415078B7D84}.Debug|Any CPU.Build.0 = Debug|Any CPU
		{7E18A70B-31D6-4435-BD88-1415078B7D84}.Release|Any CPU.ActiveCfg = Release|Any CPU
		{7E18A70B-31D6-4435-BD88-1415078B7D84}.Release|Any CPU.Build.0 = Release|Any CPU
		{BF644933-57CD-48A0-AC2B-FCF46459359B}.Debug|Any CPU.ActiveCfg = Debug|Any CPU
		{BF644933-57CD-48A0-AC2B-FCF46459359B}.Debug|Any CPU.Build.0 = Debug|Any CPU
		{BF644933-57CD-48A0-AC2B-FCF46459359B}.Release|Any CPU.ActiveCfg = Release|Any CPU
		{BF644933-57CD-48A0-AC2B-FCF46459359B}.Release|Any CPU.Build.0 = Release|Any CPU
		{16C3FA32-4775-497F-8794-DD5AF13CFE22}.Debug|Any CPU.ActiveCfg = Debug|Any CPU
		{16C3FA32-4775-497F-8794-DD5AF13CFE22}.Debug|Any CPU.Build.0 = Debug|Any CPU
		{16C3FA32-4775-497F-8794-DD5AF13CFE22}.Release|Any CPU.ActiveCfg = Release|Any CPU
		{16C3FA32-4775-497F-8794-DD5AF13CFE22}.Release|Any CPU.Build.0 = Release|Any CPU
		{4D22D51C-4230-46AF-8657-4FD757D9C8BC}.Debug|Any CPU.ActiveCfg = Debug|Any CPU
		{4D22D51C-4230-46AF-8657-4FD757D9C8BC}.Debug|Any CPU.Build.0 = Debug|Any CPU
		{4D22D51C-4230-46AF-8657-4FD757D9C8BC}.Release|Any CPU.ActiveCfg = Release|Any CPU
		{4D22D51C-4230-46AF-8657-4FD757D9C8BC}.Release|Any CPU.Build.0 = Release|Any CPU
		{70E05599-64EE-4C11-A2F8-EE4113309039}.Debug|Any CPU.ActiveCfg = Debug|Any CPU
		{70E05599-64EE-4C11-A2F8-EE4113309039}.Debug|Any CPU.Build.0 = Debug|Any CPU
		{70E05599-64EE-4C11-A2F8-EE4113309039}.Release|Any CPU.ActiveCfg = Release|Any CPU
		{70E05599-64EE-4C11-A2F8-EE4113309039}.Release|Any CPU.Build.0 = Release|Any CPU
	EndGlobalSection
	GlobalSection(SolutionProperties) = preSolution
		HideSolutionNode = FALSE
	EndGlobalSection
	GlobalSection(NestedProjects) = preSolution
		{16C3FA32-4775-497F-8794-DD5AF13CFE22} = {FE2F1D5B-5931-413B-B376-DD491BD63610}
		{4D22D51C-4230-46AF-8657-4FD757D9C8BC} = {FE2F1D5B-5931-413B-B376-DD491BD63610}
		{70E05599-64EE-4C11-A2F8-EE4113309039} = {FE2F1D5B-5931-413B-B376-DD491BD63610}
	EndGlobalSection
	GlobalSection(ExtensibilityGlobals) = postSolution
		SolutionGuid = {777F54B0-1B85-4977-B2AF-C4493CAAEBB8}
	EndGlobalSection
	GlobalSection(MonoDevelopProperties) = preSolution
		StartupItem = Fody\Fody.csproj
	EndGlobalSection
EndGlobal
