
Microsoft Visual Studio Solution File, Format Version 12.00
# Visual Studio 14
VisualStudioVersion = 14.0.24720.0
MinimumVisualStudioVersion = 14.0.22823.1
Project("{FAE04EC0-301F-11D3-BF4B-00C04F79EFBC}") = "Fody", "Fody\Fody.csproj", "{64880F43-E6C1-428E-B00A-E0374697B5CF}"
EndProject
Project("{FAE04EC0-301F-11D3-BF4B-00C04F79EFBC}") = "SampleTask.Fody", "SampleTask.Fody\SampleTask.Fody.csproj", "{2C10CBD1-5913-46D5-B705-0F3B46E68DD1}"
EndProject
Project("{FAE04EC0-301F-11D3-BF4B-00C04F79EFBC}") = "Fody.Tests", "Fody.Tests\Fody.Tests.csproj", "{2AFCC073-136D-4FF3-AC83-BE94B35A4C7B}"
EndProject
Project("{FAE04EC0-301F-11D3-BF4B-00C04F79EFBC}") = "FodyIsolated", "FodyIsolated\FodyIsolated.csproj", "{89681581-A390-4761-9C27-1F274FE506E7}"
EndProject
Project("{FAE04EC0-301F-11D3-BF4B-00C04F79EFBC}") = "FodyIsolated.Tests", "FodyIsolated.Tests\FodyIsolated.Tests.csproj", "{1C314DBE-A36D-422A-A25C-5B9402CE4F5B}"
EndProject
Project("{FAE04EC0-301F-11D3-BF4B-00C04F79EFBC}") = "FodyCommon", "FodyCommon\FodyCommon.csproj", "{E839A346-8804-4EAC-B635-19D7A911460E}"
EndProject
Project("{FAE04EC0-301F-11D3-BF4B-00C04F79EFBC}") = "FodyCommon.Tests", "FodyCommon.Tests\FodyCommon.Tests.csproj", "{C66C8111-BE64-4899-BD7C-688A9ED3A62F}"
EndProject
Project("{FAE04EC0-301F-11D3-BF4B-00C04F79EFBC}") = "Nuget", "NuGet\Nuget.csproj", "{66DDADC1-1631-4EC7-8CB2-DD8080188234}"
EndProject
Project("{2150E333-8FDC-42A3-9474-1A3956D46DE8}") = "WeaverNugetTemplates", "WeaverNugetTemplates", "{215FCA55-BC62-4BAD-98EF-7E42079B04CF}"
	ProjectSection(SolutionItems) = preProject
		WeaverNugetTemplates\install.ps1 = WeaverNugetTemplates\install.ps1
		WeaverNugetTemplates\uninstall.ps1 = WeaverNugetTemplates\uninstall.ps1
	EndProjectSection
EndProject
Project("{FAE04EC0-301F-11D3-BF4B-00C04F79EFBC}") = "NugetCecil", "NuGetCecil\NugetCecil.csproj", "{4D267DED-10CA-4CF4-84E9-C7945393F86F}"
EndProject
Project("{FAE04EC0-301F-11D3-BF4B-00C04F79EFBC}") = "DummyAssembly", "DummyAssembly\DummyAssembly.csproj", "{D95530D4-5646-4156-B58E-F2C5D5FA03CC}"
EndProject
Global
	GlobalSection(SolutionConfigurationPlatforms) = preSolution
		Debug|Any CPU = Debug|Any CPU
		Debug|Mixed Platforms = Debug|Mixed Platforms
		Debug|x86 = Debug|x86
		Release|Any CPU = Release|Any CPU
		Release|Mixed Platforms = Release|Mixed Platforms
		Release|x86 = Release|x86
	EndGlobalSection
	GlobalSection(ProjectConfigurationPlatforms) = postSolution
		{64880F43-E6C1-428E-B00A-E0374697B5CF}.Debug|Any CPU.ActiveCfg = Debug|Any CPU
		{64880F43-E6C1-428E-B00A-E0374697B5CF}.Debug|Any CPU.Build.0 = Debug|Any CPU
		{64880F43-E6C1-428E-B00A-E0374697B5CF}.Debug|Mixed Platforms.ActiveCfg = Debug|Any CPU
		{64880F43-E6C1-428E-B00A-E0374697B5CF}.Debug|Mixed Platforms.Build.0 = Debug|Any CPU
		{64880F43-E6C1-428E-B00A-E0374697B5CF}.Debug|x86.ActiveCfg = Debug|Any CPU
		{64880F43-E6C1-428E-B00A-E0374697B5CF}.Release|Any CPU.ActiveCfg = Release|Any CPU
		{64880F43-E6C1-428E-B00A-E0374697B5CF}.Release|Any CPU.Build.0 = Release|Any CPU
		{64880F43-E6C1-428E-B00A-E0374697B5CF}.Release|Mixed Platforms.ActiveCfg = Release|Any CPU
		{64880F43-E6C1-428E-B00A-E0374697B5CF}.Release|Mixed Platforms.Build.0 = Release|Any CPU
		{64880F43-E6C1-428E-B00A-E0374697B5CF}.Release|x86.ActiveCfg = Release|Any CPU
		{2C10CBD1-5913-46D5-B705-0F3B46E68DD1}.Debug|Any CPU.ActiveCfg = Debug|Any CPU
		{2C10CBD1-5913-46D5-B705-0F3B46E68DD1}.Debug|Any CPU.Build.0 = Debug|Any CPU
		{2C10CBD1-5913-46D5-B705-0F3B46E68DD1}.Debug|Mixed Platforms.ActiveCfg = Debug|Any CPU
		{2C10CBD1-5913-46D5-B705-0F3B46E68DD1}.Debug|Mixed Platforms.Build.0 = Debug|Any CPU
		{2C10CBD1-5913-46D5-B705-0F3B46E68DD1}.Debug|x86.ActiveCfg = Debug|Any CPU
		{2C10CBD1-5913-46D5-B705-0F3B46E68DD1}.Release|Any CPU.ActiveCfg = Release|Any CPU
		{2C10CBD1-5913-46D5-B705-0F3B46E68DD1}.Release|Any CPU.Build.0 = Release|Any CPU
		{2C10CBD1-5913-46D5-B705-0F3B46E68DD1}.Release|Mixed Platforms.ActiveCfg = Release|Any CPU
		{2C10CBD1-5913-46D5-B705-0F3B46E68DD1}.Release|Mixed Platforms.Build.0 = Release|Any CPU
		{2C10CBD1-5913-46D5-B705-0F3B46E68DD1}.Release|x86.ActiveCfg = Release|Any CPU
		{2AFCC073-136D-4FF3-AC83-BE94B35A4C7B}.Debug|Any CPU.ActiveCfg = Debug|Any CPU
		{2AFCC073-136D-4FF3-AC83-BE94B35A4C7B}.Debug|Any CPU.Build.0 = Debug|Any CPU
		{2AFCC073-136D-4FF3-AC83-BE94B35A4C7B}.Debug|Mixed Platforms.ActiveCfg = Debug|Any CPU
		{2AFCC073-136D-4FF3-AC83-BE94B35A4C7B}.Debug|Mixed Platforms.Build.0 = Debug|Any CPU
		{2AFCC073-136D-4FF3-AC83-BE94B35A4C7B}.Debug|x86.ActiveCfg = Debug|Any CPU
		{2AFCC073-136D-4FF3-AC83-BE94B35A4C7B}.Release|Any CPU.ActiveCfg = Release|Any CPU
		{2AFCC073-136D-4FF3-AC83-BE94B35A4C7B}.Release|Any CPU.Build.0 = Release|Any CPU
		{2AFCC073-136D-4FF3-AC83-BE94B35A4C7B}.Release|Mixed Platforms.ActiveCfg = Release|Any CPU
		{2AFCC073-136D-4FF3-AC83-BE94B35A4C7B}.Release|Mixed Platforms.Build.0 = Release|Any CPU
		{2AFCC073-136D-4FF3-AC83-BE94B35A4C7B}.Release|x86.ActiveCfg = Release|Any CPU
		{89681581-A390-4761-9C27-1F274FE506E7}.Debug|Any CPU.ActiveCfg = Debug|Any CPU
		{89681581-A390-4761-9C27-1F274FE506E7}.Debug|Any CPU.Build.0 = Debug|Any CPU
		{89681581-A390-4761-9C27-1F274FE506E7}.Debug|Mixed Platforms.ActiveCfg = Debug|Any CPU
		{89681581-A390-4761-9C27-1F274FE506E7}.Debug|Mixed Platforms.Build.0 = Debug|Any CPU
		{89681581-A390-4761-9C27-1F274FE506E7}.Debug|x86.ActiveCfg = Debug|Any CPU
		{89681581-A390-4761-9C27-1F274FE506E7}.Release|Any CPU.ActiveCfg = Release|Any CPU
		{89681581-A390-4761-9C27-1F274FE506E7}.Release|Any CPU.Build.0 = Release|Any CPU
		{89681581-A390-4761-9C27-1F274FE506E7}.Release|Mixed Platforms.ActiveCfg = Release|Any CPU
		{89681581-A390-4761-9C27-1F274FE506E7}.Release|Mixed Platforms.Build.0 = Release|Any CPU
		{89681581-A390-4761-9C27-1F274FE506E7}.Release|x86.ActiveCfg = Release|Any CPU
		{1C314DBE-A36D-422A-A25C-5B9402CE4F5B}.Debug|Any CPU.ActiveCfg = Debug|Any CPU
		{1C314DBE-A36D-422A-A25C-5B9402CE4F5B}.Debug|Any CPU.Build.0 = Debug|Any CPU
		{1C314DBE-A36D-422A-A25C-5B9402CE4F5B}.Debug|Mixed Platforms.ActiveCfg = Debug|Any CPU
		{1C314DBE-A36D-422A-A25C-5B9402CE4F5B}.Debug|Mixed Platforms.Build.0 = Debug|Any CPU
		{1C314DBE-A36D-422A-A25C-5B9402CE4F5B}.Debug|x86.ActiveCfg = Debug|Any CPU
		{1C314DBE-A36D-422A-A25C-5B9402CE4F5B}.Release|Any CPU.ActiveCfg = Release|Any CPU
		{1C314DBE-A36D-422A-A25C-5B9402CE4F5B}.Release|Any CPU.Build.0 = Release|Any CPU
		{1C314DBE-A36D-422A-A25C-5B9402CE4F5B}.Release|Mixed Platforms.ActiveCfg = Release|Any CPU
		{1C314DBE-A36D-422A-A25C-5B9402CE4F5B}.Release|Mixed Platforms.Build.0 = Release|Any CPU
		{1C314DBE-A36D-422A-A25C-5B9402CE4F5B}.Release|x86.ActiveCfg = Release|Any CPU
		{E839A346-8804-4EAC-B635-19D7A911460E}.Debug|Any CPU.ActiveCfg = Debug|Any CPU
		{E839A346-8804-4EAC-B635-19D7A911460E}.Debug|Any CPU.Build.0 = Debug|Any CPU
		{E839A346-8804-4EAC-B635-19D7A911460E}.Debug|Mixed Platforms.ActiveCfg = Debug|Any CPU
		{E839A346-8804-4EAC-B635-19D7A911460E}.Debug|Mixed Platforms.Build.0 = Debug|Any CPU
		{E839A346-8804-4EAC-B635-19D7A911460E}.Debug|x86.ActiveCfg = Debug|Any CPU
		{E839A346-8804-4EAC-B635-19D7A911460E}.Release|Any CPU.ActiveCfg = Release|Any CPU
		{E839A346-8804-4EAC-B635-19D7A911460E}.Release|Any CPU.Build.0 = Release|Any CPU
		{E839A346-8804-4EAC-B635-19D7A911460E}.Release|Mixed Platforms.ActiveCfg = Release|Any CPU
		{E839A346-8804-4EAC-B635-19D7A911460E}.Release|Mixed Platforms.Build.0 = Release|Any CPU
		{E839A346-8804-4EAC-B635-19D7A911460E}.Release|x86.ActiveCfg = Release|Any CPU
		{C66C8111-BE64-4899-BD7C-688A9ED3A62F}.Debug|Any CPU.ActiveCfg = Debug|Any CPU
		{C66C8111-BE64-4899-BD7C-688A9ED3A62F}.Debug|Any CPU.Build.0 = Debug|Any CPU
		{C66C8111-BE64-4899-BD7C-688A9ED3A62F}.Debug|Mixed Platforms.ActiveCfg = Debug|Any CPU
		{C66C8111-BE64-4899-BD7C-688A9ED3A62F}.Debug|Mixed Platforms.Build.0 = Debug|Any CPU
		{C66C8111-BE64-4899-BD7C-688A9ED3A62F}.Debug|x86.ActiveCfg = Debug|Any CPU
		{C66C8111-BE64-4899-BD7C-688A9ED3A62F}.Release|Any CPU.ActiveCfg = Release|Any CPU
		{C66C8111-BE64-4899-BD7C-688A9ED3A62F}.Release|Any CPU.Build.0 = Release|Any CPU
		{C66C8111-BE64-4899-BD7C-688A9ED3A62F}.Release|Mixed Platforms.ActiveCfg = Release|Any CPU
		{C66C8111-BE64-4899-BD7C-688A9ED3A62F}.Release|Mixed Platforms.Build.0 = Release|Any CPU
		{C66C8111-BE64-4899-BD7C-688A9ED3A62F}.Release|x86.ActiveCfg = Release|Any CPU
		{66DDADC1-1631-4EC7-8CB2-DD8080188234}.Debug|Any CPU.ActiveCfg = Debug|Any CPU
		{66DDADC1-1631-4EC7-8CB2-DD8080188234}.Debug|Any CPU.Build.0 = Debug|Any CPU
		{66DDADC1-1631-4EC7-8CB2-DD8080188234}.Debug|Mixed Platforms.ActiveCfg = Debug|Any CPU
		{66DDADC1-1631-4EC7-8CB2-DD8080188234}.Debug|Mixed Platforms.Build.0 = Debug|Any CPU
		{66DDADC1-1631-4EC7-8CB2-DD8080188234}.Debug|x86.ActiveCfg = Debug|Any CPU
		{66DDADC1-1631-4EC7-8CB2-DD8080188234}.Release|Any CPU.ActiveCfg = Release|Any CPU
		{66DDADC1-1631-4EC7-8CB2-DD8080188234}.Release|Any CPU.Build.0 = Release|Any CPU
		{66DDADC1-1631-4EC7-8CB2-DD8080188234}.Release|Mixed Platforms.ActiveCfg = Release|Any CPU
		{66DDADC1-1631-4EC7-8CB2-DD8080188234}.Release|Mixed Platforms.Build.0 = Release|Any CPU
		{66DDADC1-1631-4EC7-8CB2-DD8080188234}.Release|x86.ActiveCfg = Release|Any CPU
		{4D267DED-10CA-4CF4-84E9-C7945393F86F}.Debug|Any CPU.ActiveCfg = Debug|Any CPU
		{4D267DED-10CA-4CF4-84E9-C7945393F86F}.Debug|Any CPU.Build.0 = Debug|Any CPU
		{4D267DED-10CA-4CF4-84E9-C7945393F86F}.Debug|Mixed Platforms.ActiveCfg = Debug|Any CPU
		{4D267DED-10CA-4CF4-84E9-C7945393F86F}.Debug|Mixed Platforms.Build.0 = Debug|Any CPU
		{4D267DED-10CA-4CF4-84E9-C7945393F86F}.Debug|x86.ActiveCfg = Debug|Any CPU
		{4D267DED-10CA-4CF4-84E9-C7945393F86F}.Release|Any CPU.ActiveCfg = Release|Any CPU
		{4D267DED-10CA-4CF4-84E9-C7945393F86F}.Release|Any CPU.Build.0 = Release|Any CPU
		{4D267DED-10CA-4CF4-84E9-C7945393F86F}.Release|Mixed Platforms.ActiveCfg = Release|Any CPU
		{4D267DED-10CA-4CF4-84E9-C7945393F86F}.Release|Mixed Platforms.Build.0 = Release|Any CPU
		{4D267DED-10CA-4CF4-84E9-C7945393F86F}.Release|x86.ActiveCfg = Release|Any CPU
		{D95530D4-5646-4156-B58E-F2C5D5FA03CC}.Debug|Any CPU.ActiveCfg = Debug|Any CPU
		{D95530D4-5646-4156-B58E-F2C5D5FA03CC}.Debug|Any CPU.Build.0 = Debug|Any CPU
		{D95530D4-5646-4156-B58E-F2C5D5FA03CC}.Debug|Mixed Platforms.ActiveCfg = Debug|Any CPU
		{D95530D4-5646-4156-B58E-F2C5D5FA03CC}.Debug|Mixed Platforms.Build.0 = Debug|Any CPU
		{D95530D4-5646-4156-B58E-F2C5D5FA03CC}.Debug|x86.ActiveCfg = Debug|Any CPU
		{D95530D4-5646-4156-B58E-F2C5D5FA03CC}.Debug|x86.Build.0 = Debug|Any CPU
		{D95530D4-5646-4156-B58E-F2C5D5FA03CC}.Release|Any CPU.ActiveCfg = Release|Any CPU
		{D95530D4-5646-4156-B58E-F2C5D5FA03CC}.Release|Any CPU.Build.0 = Release|Any CPU
		{D95530D4-5646-4156-B58E-F2C5D5FA03CC}.Release|Mixed Platforms.ActiveCfg = Release|Any CPU
		{D95530D4-5646-4156-B58E-F2C5D5FA03CC}.Release|Mixed Platforms.Build.0 = Release|Any CPU
		{D95530D4-5646-4156-B58E-F2C5D5FA03CC}.Release|x86.ActiveCfg = Release|Any CPU
		{D95530D4-5646-4156-B58E-F2C5D5FA03CC}.Release|x86.Build.0 = Release|Any CPU
	EndGlobalSection
	GlobalSection(SolutionProperties) = preSolution
		HideSolutionNode = FALSE
	EndGlobalSection
	GlobalSection(MonoDevelopProperties) = preSolution
		StartupItem = Fody\Fody.csproj
	EndGlobalSection
EndGlobal
