
Microsoft Visual Studio Solution File, Format Version 11.00
# Visual Studio 2010
Project("{FAE04EC0-301F-11D3-BF4B-00C04F79EFBC}") = "Weavers", "Weavers\Weavers.csproj", "{3F4C62F3-F582-452F-B455-0CD5C89D96CF}"
EndProject
Project("{FAE04EC0-301F-11D3-BF4B-00C04F79EFBC}") = "TargetClassLibrary", "TargetClassLibrary\TargetClassLibrary.csproj", "{2817EDBA-8F2B-4A67-A161-7751C099FF55}"
	ProjectSection(ProjectDependencies) = postProject
		{3F4C62F3-F582-452F-B455-0CD5C89D96CF} = {3F4C62F3-F582-452F-B455-0CD5C89D96CF}
	EndProjectSection
EndProject
Project("{FAE04EC0-301F-11D3-BF4B-00C04F79EFBC}") = "InSolutionWeaving.Tests", "InSolutionWeaving.Tests\InSolutionWeaving.Tests.csproj", "{9C8338D4-3F27-4FA5-97A0-6039FDB07724}"
EndProject
Global
	GlobalSection(SolutionConfigurationPlatforms) = preSolution
		Debug|Any CPU = Debug|Any CPU
		Release|Any CPU = Release|Any CPU
	EndGlobalSection
	GlobalSection(ProjectConfigurationPlatforms) = postSolution
		{3F4C62F3-F582-452F-B455-0CD5C89D96CF}.Debug|Any CPU.ActiveCfg = Debug|Any CPU
		{3F4C62F3-F582-452F-B455-0CD5C89D96CF}.Debug|Any CPU.Build.0 = Debug|Any CPU
		{3F4C62F3-F582-452F-B455-0CD5C89D96CF}.Release|Any CPU.ActiveCfg = Release|Any CPU
		{3F4C62F3-F582-452F-B455-0CD5C89D96CF}.Release|Any CPU.Build.0 = Release|Any CPU
		{2817EDBA-8F2B-4A67-A161-7751C099FF55}.Debug|Any CPU.ActiveCfg = Debug|Any CPU
		{2817EDBA-8F2B-4A67-A161-7751C099FF55}.Debug|Any CPU.Build.0 = Debug|Any CPU
		{2817EDBA-8F2B-4A67-A161-7751C099FF55}.Release|Any CPU.ActiveCfg = Release|Any CPU
		{2817EDBA-8F2B-4A67-A161-7751C099FF55}.Release|Any CPU.Build.0 = Release|Any CPU
		{9C8338D4-3F27-4FA5-97A0-6039FDB07724}.Debug|Any CPU.ActiveCfg = Debug|Any CPU
		{9C8338D4-3F27-4FA5-97A0-6039FDB07724}.Debug|Any CPU.Build.0 = Debug|Any CPU
		{9C8338D4-3F27-4FA5-97A0-6039FDB07724}.Release|Any CPU.ActiveCfg = Release|Any CPU
		{9C8338D4-3F27-4FA5-97A0-6039FDB07724}.Release|Any CPU.Build.0 = Release|Any CPU
	EndGlobalSection
	GlobalSection(SolutionProperties) = preSolution
		HideSolutionNode = FALSE
	EndGlobalSection
EndGlobal
