Microsoft Visual Studio Solution File, Format Version 12.00
# Visual Studio Version 16
VisualStudioVersion = 16.0.29201.188
MinimumVisualStudioVersion = 16.0.29201.188
Project("{9A19103F-16F7-4668-BE54-9A1E7A4F7556}") = "RepoSync", "RepoSync\RepoSync.csproj", "{51C59DFB-DCDF-4029-9AA1-92B3EF8EAF76}"
EndProject
Project("{FAE04EC0-301F-11D3-BF4B-00C04F79EFBC}") = "Docs", "Docs\Docs.csproj", "{E5699F23-FF5C-4BD4-A8ED-CF9CC74075DD}"
EndProject
Global
	GlobalSection(SolutionConfigurationPlatforms) = preSolution
		Debug|Any CPU = Debug|Any CPU
		Release|Any CPU = Release|Any CPU
	EndGlobalSection
	GlobalSection(ProjectConfigurationPlatforms) = postSolution
		{51C59DFB-DCDF-4029-9AA1-92B3EF8EAF76}.Debug|Any CPU.ActiveCfg = Debug|Any CPU
		{51C59DFB-DCDF-4029-9AA1-92B3EF8EAF76}.Debug|Any CPU.Build.0 = Debug|Any CPU
		{51C59DFB-DCDF-4029-9AA1-92B3EF8EAF76}.Release|Any CPU.ActiveCfg = Release|Any CPU
		{51C59DFB-DCDF-4029-9AA1-92B3EF8EAF76}.Release|Any CPU.Build.0 = Release|Any CPU
		{E5699F23-FF5C-4BD4-A8ED-CF9CC74075DD}.Debug|Any CPU.ActiveCfg = Debug|Any CPU
		{E5699F23-FF5C-4BD4-A8ED-CF9CC74075DD}.Debug|Any CPU.Build.0 = Debug|Any CPU
		{E5699F23-FF5C-4BD4-A8ED-CF9CC74075DD}.Release|Any CPU.ActiveCfg = Release|Any CPU
		{E5699F23-FF5C-4BD4-A8ED-CF9CC74075DD}.Release|Any CPU.Build.0 = Release|Any CPU
	EndGlobalSection
	GlobalSection(SolutionProperties) = preSolution
		HideSolutionNode = FALSE
	EndGlobalSection
	GlobalSection(ExtensibilityGlobals) = postSolution
		SolutionGuid = {F36FB31F-392B-47A7-AD2C-92693F097F66}
	EndGlobalSection
EndGlobal
